
Microsoft Visual Studio Solution File, Format Version 12.00
# Visual Studio 15
VisualStudioVersion = 15.0.27130.2036
MinimumVisualStudioVersion = 10.0.40219.1
Project("{FAE04EC0-301F-11D3-BF4B-00C04F79EFBC}") = "ITSE1430.MovieLib.UI", "ITSE1430.MovieLib.UI\ITSE1430.MovieLib.UI.csproj", "{BEB0D301-53E6-40B1-86A7-4D6372DB8F8B}"
EndProject
Project("{FAE04EC0-301F-11D3-BF4B-00C04F79EFBC}") = "ITSE1430.MovieLib", "ITSE1430.MovieLib\ITSE1430.MovieLib.csproj", "{457895A0-4A3A-411B-8F28-307AEF359ED5}"
EndProject
Project("{FAE04EC0-301F-11D3-BF4B-00C04F79EFBC}") = "ITSE1430.MovieLib.Memory", "ITSE1430.MovieLib.Memory\ITSE1430.MovieLib.Memory.csproj", "{E76891BA-3987-4813-AFAD-376DA81946D5}"
EndProject
Project("{9A19103F-16F7-4668-BE54-9A1E7A4F7556}") = "PlayWithLinq", "PlayWithLinq\PlayWithLinq.csproj", "{37AAC4B2-120F-4A71-A21E-779C6B195FB5}"
EndProject
Project("{00D1A9C2-B5F0-4AF3-8072-F6C62B433612}") = "MovieDatabase", "..\MovieDatabase\MovieDatabase.sqlproj", "{D336CD26-C9B8-4B7F-83E7-2F951DF1FABC}"
EndProject
Project("{FAE04EC0-301F-11D3-BF4B-00C04F79EFBC}") = "ITSE1430.MovieLib.Sql", "ITSE1430.MovieLib.Sql\ITSE1430.MovieLib.Sql.csproj", "{31FE1D52-68B5-4EC8-8713-3BA2C65D465F}"
EndProject
Global
	GlobalSection(SolutionConfigurationPlatforms) = preSolution
		Debug|Any CPU = Debug|Any CPU
		Release|Any CPU = Release|Any CPU
	EndGlobalSection
	GlobalSection(ProjectConfigurationPlatforms) = postSolution
		{BEB0D301-53E6-40B1-86A7-4D6372DB8F8B}.Debug|Any CPU.ActiveCfg = Debug|Any CPU
		{BEB0D301-53E6-40B1-86A7-4D6372DB8F8B}.Debug|Any CPU.Build.0 = Debug|Any CPU
		{BEB0D301-53E6-40B1-86A7-4D6372DB8F8B}.Release|Any CPU.ActiveCfg = Release|Any CPU
		{BEB0D301-53E6-40B1-86A7-4D6372DB8F8B}.Release|Any CPU.Build.0 = Release|Any CPU
		{457895A0-4A3A-411B-8F28-307AEF359ED5}.Debug|Any CPU.ActiveCfg = Debug|Any CPU
		{457895A0-4A3A-411B-8F28-307AEF359ED5}.Debug|Any CPU.Build.0 = Debug|Any CPU
		{457895A0-4A3A-411B-8F28-307AEF359ED5}.Release|Any CPU.ActiveCfg = Release|Any CPU
		{457895A0-4A3A-411B-8F28-307AEF359ED5}.Release|Any CPU.Build.0 = Release|Any CPU
		{E76891BA-3987-4813-AFAD-376DA81946D5}.Debug|Any CPU.ActiveCfg = Debug|Any CPU
		{E76891BA-3987-4813-AFAD-376DA81946D5}.Debug|Any CPU.Build.0 = Debug|Any CPU
		{E76891BA-3987-4813-AFAD-376DA81946D5}.Release|Any CPU.ActiveCfg = Release|Any CPU
		{E76891BA-3987-4813-AFAD-376DA81946D5}.Release|Any CPU.Build.0 = Release|Any CPU
		{37AAC4B2-120F-4A71-A21E-779C6B195FB5}.Debug|Any CPU.ActiveCfg = Debug|Any CPU
		{37AAC4B2-120F-4A71-A21E-779C6B195FB5}.Debug|Any CPU.Build.0 = Debug|Any CPU
		{37AAC4B2-120F-4A71-A21E-779C6B195FB5}.Release|Any CPU.ActiveCfg = Release|Any CPU
		{37AAC4B2-120F-4A71-A21E-779C6B195FB5}.Release|Any CPU.Build.0 = Release|Any CPU
		{D336CD26-C9B8-4B7F-83E7-2F951DF1FABC}.Debug|Any CPU.ActiveCfg = Debug|Any CPU
		{D336CD26-C9B8-4B7F-83E7-2F951DF1FABC}.Debug|Any CPU.Build.0 = Debug|Any CPU
		{D336CD26-C9B8-4B7F-83E7-2F951DF1FABC}.Debug|Any CPU.Deploy.0 = Debug|Any CPU
		{D336CD26-C9B8-4B7F-83E7-2F951DF1FABC}.Release|Any CPU.ActiveCfg = Release|Any CPU
		{D336CD26-C9B8-4B7F-83E7-2F951DF1FABC}.Release|Any CPU.Build.0 = Release|Any CPU
		{D336CD26-C9B8-4B7F-83E7-2F951DF1FABC}.Release|Any CPU.Deploy.0 = Release|Any CPU
		{31FE1D52-68B5-4EC8-8713-3BA2C65D465F}.Debug|Any CPU.ActiveCfg = Debug|Any CPU
		{31FE1D52-68B5-4EC8-8713-3BA2C65D465F}.Debug|Any CPU.Build.0 = Debug|Any CPU
		{31FE1D52-68B5-4EC8-8713-3BA2C65D465F}.Release|Any CPU.ActiveCfg = Release|Any CPU
		{31FE1D52-68B5-4EC8-8713-3BA2C65D465F}.Release|Any CPU.Build.0 = Release|Any CPU
	EndGlobalSection
	GlobalSection(SolutionProperties) = preSolution
		HideSolutionNode = FALSE
	EndGlobalSection
	GlobalSection(ExtensibilityGlobals) = postSolution
		SolutionGuid = {DCF62195-88C5-4E30-9747-C953B39C9A0F}
	EndGlobalSection
EndGlobal
