
Microsoft Visual Studio Solution File, Format Version 12.00
# Visual Studio 15
VisualStudioVersion = 15.0.27130.2036
MinimumVisualStudioVersion = 10.0.40219.1
Project("{FAE04EC0-301F-11D3-BF4B-00C04F79EFBC}") = "Section1", "Section1\Section1.csproj", "{06A3C311-2721-4CB0-AFBD-09BD3661273B}"
EndProject
Global
	GlobalSection(SolutionConfigurationPlatforms) = preSolution
		Debug|Any CPU = Debug|Any CPU
		Release|Any CPU = Release|Any CPU
	EndGlobalSection
	GlobalSection(ProjectConfigurationPlatforms) = postSolution
		{06A3C311-2721-4CB0-AFBD-09BD3661273B}.Debug|Any CPU.ActiveCfg = Debug|Any CPU
		{06A3C311-2721-4CB0-AFBD-09BD3661273B}.Debug|Any CPU.Build.0 = Debug|Any CPU
		{06A3C311-2721-4CB0-AFBD-09BD3661273B}.Release|Any CPU.ActiveCfg = Release|Any CPU
		{06A3C311-2721-4CB0-AFBD-09BD3661273B}.Release|Any CPU.Build.0 = Release|Any CPU
	EndGlobalSection
	GlobalSection(SolutionProperties) = preSolution
		HideSolutionNode = FALSE
	EndGlobalSection
	GlobalSection(ExtensibilityGlobals) = postSolution
		SolutionGuid = {DCF62195-88C5-4E30-9747-C953B39C9A0F}
	EndGlobalSection
EndGlobal
